# This file is automatically generated.
# It is not intended for manual editing.
version = 1

[[packages]]
name = "wasi:cli"
registry = "wasi.dev"

[[packages.versions]]
requirement = "=0.3.0"
version = "0.3.0"
digest = "sha256:3a2d58743b67a057f7210b9a73d3b21b34ec7895ffe34d1cb092927307156e40"

[[packages]]
name = "wasi:clocks"
registry = "wasi.dev"

[[packages.versions]]
requirement = "=0.3.0"
version = "0.3.0"
digest = "sha256:59e1f4079e64ada450e19ffc9d08854c904e356ed8cc1fda36ff4fe150264db2"

[[packages]]
name = "wasi:config"
registry = "wasi.dev"

[[packages.versions]]
requirement = "=0.2.0-rc.1"
version = "0.2.0-rc.1"
digest = "sha256:1b7f1b0fd07bb4cede16c6a6ec8852815dfb924639a78735fc7bdffdc164485d"

[[packages]]
name = "wasi:http"
registry = "wasi.dev"

[[packages.versions]]
requirement = "=0.3.0"
version = "0.3.0"
digest = "sha256:92cd8f3730c00226dc15626a2e7b21834dd187fc221f09818720d228585bbbf7"

[[packages]]
name = "wasi:sockets"
registry = "wasi.dev"

[[packages.versions]]
requirement = "=0.3.0"
version = "0.3.0"
digest = "sha256:47d4cb10ad41dbd7f543693211876bf413793d4d8dc0aad08ead34bf44348fa1"

[[packages]]
name = "wasmcloud:keyvalue"
registry = "wasmcloud.com"

[[packages.versions]]
requirement = "=0.2.0"
version = "0.2.0"
digest = "sha256:a61448d7ffc36e0dc8433fad53691a6a1ca7da4d816355a32e4064f00e5eed83"
